// !$*UTF8*$!
{
	archiveVersion = 1;
	classes = {
	};
	objectVersion = 46;
	objects = {

/* Begin PBXBuildFile section */
		B204617F1E7B0CF800C88AED /* AppDelegate.swift in Sources */ = {isa = PBXBuildFile; fileRef = B204617E1E7B0CF800C88AED /* AppDelegate.swift */; };
		B20461811E7B0CF800C88AED /* ViewController.swift in Sources */ = {isa = PBXBuildFile; fileRef = B20461801E7B0CF800C88AED /* ViewController.swift */; };
		B20461841E7B0CF800C88AED /* Main.storyboard in Resources */ = {isa = PBXBuildFile; fileRef = B20461821E7B0CF800C88AED /* Main.storyboard */; };
		B20461871E7B0CF800C88AED /* HitList.xcdatamodeld in Sources */ = {isa = PBXBuildFile; fileRef = B20461851E7B0CF800C88AED /* HitList.xcdatamodeld */; };
		B20461891E7B0CF800C88AED /* Assets.xcassets in Resources */ = {isa = PBXBuildFile; fileRef = B20461881E7B0CF800C88AED /* Assets.xcassets */; };
		B204618C1E7B0CF800C88AED /* LaunchScreen.storyboard in Resources */ = {isa = PBXBuildFile; fileRef = B204618A1E7B0CF800C88AED /* LaunchScreen.storyboard */; };
		B20461951E7B0D4800C88AED /* DBManager.swift in Sources */ = {isa = PBXBuildFile; fileRef = B20461941E7B0D4800C88AED /* DBManager.swift */; };
/* End PBXBuildFile section */

/* Begin PBXFileReference section */
		B204617B1E7B0CF800C88AED /* HitList.app */ = {isa = PBXFileReference; explicitFileType = wrapper.application; includeInIndex = 0; path = HitList.app; sourceTree = BUILT_PRODUCTS_DIR; };
		B204617E1E7B0CF800C88AED /* AppDelegate.swift */ = {isa = PBXFileReference; lastKnownFileType = sourcecode.swift; path = AppDelegate.swift; sourceTree = "<group>"; };
		B20461801E7B0CF800C88AED /* ViewController.swift */ = {isa = PBXFileReference; lastKnownFileType = sourcecode.swift; path = ViewController.swift; sourceTree = "<group>"; };
		B20461831E7B0CF800C88AED /* Base */ = {isa = PBXFileReference; lastKnownFileType = file.storyboard; name = Base; path = Base.lproj/Main.storyboard; sourceTree = "<group>"; };
		B20461861E7B0CF800C88AED /* HitList.xcdatamodel */ = {isa = PBXFileReference; lastKnownFileType = wrapper.xcdatamodel; path = HitList.xcdatamodel; sourceTree = "<group>"; };
		B20461881E7B0CF800C88AED /* Assets.xcassets */ = {isa = PBXFileReference; lastKnownFileType = folder.assetcatalog; path = Assets.xcassets; sourceTree = "<group>"; };
		B204618B1E7B0CF800C88AED /* Base */ = {isa = PBXFileReference; lastKnownFileType = file.storyboard; name = Base; path = Base.lproj/LaunchScreen.storyboard; sourceTree = "<group>"; };
		B204618D1E7B0CF800C88AED /* Info.plist */ = {isa = PBXFileReference; lastKnownFileType = text.plist.xml; path = Info.plist; sourceTree = "<group>"; };
		B20461941E7B0D4800C88AED /* DBManager.swift */ = {isa = PBXFileReference; fileEncoding = 4; lastKnownFileType = sourcecode.swift; path = DBManager.swift; sourceTree = "<group>"; };
/* End PBXFileReference section */

/* Begin PBXFrameworksBuildPhase section */
		B20461781E7B0CF800C88AED /* Frameworks */ = {
			isa = PBXFrameworksBuildPhase;
			buildActionMask = 2147483647;
			files = (
			);
			runOnlyForDeploymentPostprocessing = 0;
		};
/* End PBXFrameworksBuildPhase section */

/* Begin PBXGroup section */
		B20461721E7B0CF800C88AED = {
			isa = PBXGroup;
			children = (
				B204617D1E7B0CF800C88AED /* HitList */,
				B204617C1E7B0CF800C88AED /* Products */,
			);
			sourceTree = "<group>";
		};
		B204617C1E7B0CF800C88AED /* Products */ = {
			isa = PBXGroup;
			children = (
				B204617B1E7B0CF800C88AED /* HitList.app */,
			);
			name = Products;
			sourceTree = "<group>";
		};
		B204617D1E7B0CF800C88AED /* HitList */ = {
			isa = PBXGroup;
			children = (
				B20461931E7B0D2800C88AED /* Model */,
				B204617E1E7B0CF800C88AED /* AppDelegate.swift */,
				B20461801E7B0CF800C88AED /* ViewController.swift */,
				B20461821E7B0CF800C88AED /* Main.storyboard */,
				B20461881E7B0CF800C88AED /* Assets.xcassets */,
				B204618A1E7B0CF800C88AED /* LaunchScreen.storyboard */,
				B204618D1E7B0CF800C88AED /* Info.plist */,
				B20461851E7B0CF800C88AED /* HitList.xcdatamodeld */,
			);
			path = HitList;
			sourceTree = "<group>";
		};
		B20461931E7B0D2800C88AED /* Model */ = {
			isa = PBXGroup;
			children = (
				B20461941E7B0D4800C88AED /* DBManager.swift */,
			);
			name = Model;
			sourceTree = "<group>";
		};
/* End PBXGroup section */

/* Begin PBXNativeTarget section */
		B204617A1E7B0CF800C88AED /* HitList */ = {
			isa = PBXNativeTarget;
			buildConfigurationList = B20461901E7B0CF800C88AED /* Build configuration list for PBXNativeTarget "HitList" */;
			buildPhases = (
				B20461771E7B0CF800C88AED /* Sources */,
				B20461781E7B0CF800C88AED /* Frameworks */,
				B20461791E7B0CF800C88AED /* Resources */,
			);
			buildRules = (
			);
			dependencies = (
			);
			name = HitList;
			productName = HitList;
			productReference = B204617B1E7B0CF800C88AED /* HitList.app */;
			productType = "com.apple.product-type.application";
		};
/* End PBXNativeTarget section */

/* Begin PBXProject section */
		B20461731E7B0CF800C88AED /* Project object */ = {
			isa = PBXProject;
			attributes = {
				LastSwiftUpdateCheck = 0820;
				LastUpgradeCheck = 0820;
				ORGANIZATIONNAME = xcoder.solutions;
				TargetAttributes = {
					B204617A1E7B0CF800C88AED = {
						CreatedOnToolsVersion = 8.2.1;
						ProvisioningStyle = Automatic;
					};
				};
			};
			buildConfigurationList = B20461761E7B0CF800C88AED /* Build configuration list for PBXProject "HitList" */;
			compatibilityVersion = "Xcode 3.2";
			developmentRegion = English;
			hasScannedForEncodings = 0;
			knownRegions = (
				en,
				Base,
			);
			mainGroup = B20461721E7B0CF800C88AED;
			productRefGroup = B204617C1E7B0CF800C88AED /* Products */;
			projectDirPath = "";
			projectRoot = "";
			targets = (
				B204617A1E7B0CF800C88AED /* HitList */,
			);
		};
/* End PBXProject section */

/* Begin PBXResourcesBuildPhase section */
		B20461791E7B0CF800C88AED /* Resources */ = {
			isa = PBXResourcesBuildPhase;
			buildActionMask = 2147483647;
			files = (
				B204618C1E7B0CF800C88AED /* LaunchScreen.storyboard in Resources */,
				B20461891E7B0CF800C88AED /* Assets.xcassets in Resources */,
				B20461841E7B0CF800C88AED /* Main.storyboard in Resources */,
			);
			runOnlyForDeploymentPostprocessing = 0;
		};
/* End PBXResourcesBuildPhase section */

/* Begin PBXSourcesBuildPhase section */
		B20461771E7B0CF800C88AED /* Sources */ = {
			isa = PBXSourcesBuildPhase;
			buildActionMask = 2147483647;
			files = (
				B20461871E7B0CF800C88AED /* HitList.xcdatamodeld in Sources */,
				B20461811E7B0CF800C88AED /* ViewController.swift in Sources */,
				B204617F1E7B0CF800C88AED /* AppDelegate.swift in Sources */,
				B20461951E7B0D4800C88AED /* DBManager.swift in Sources */,
			);
			runOnlyForDeploymentPostprocessing = 0;
		};
/* End PBXSourcesBuildPhase section */

/* Begin PBXVariantGroup section */
		B20461821E7B0CF800C88AED /* Main.storyboard */ = {
			isa = PBXVariantGroup;
			children = (
				B20461831E7B0CF800C88AED /* Base */,
			);
			name = Main.storyboard;
			sourceTree = "<group>";
		};
		B204618A1E7B0CF800C88AED /* LaunchScreen.storyboard */ = {
			isa = PBXVariantGroup;
			children = (
				B204618B1E7B0CF800C88AED /* Base */,
			);
			name = LaunchScreen.storyboard;
			sourceTree = "<group>";
		};
/* End PBXVariantGroup section */

/* Begin XCBuildConfiguration section */
		B204618E1E7B0CF800C88AED /* Debug */ = {
			isa = XCBuildConfiguration;
			buildSettings = {
				ALWAYS_SEARCH_USER_PATHS = NO;
				CLANG_ANALYZER_NONNULL = YES;
				CLANG_CXX_LANGUAGE_STANDARD = "gnu++0x";
				CLANG_CXX_LIBRARY = "libc++";
				CLANG_ENABLE_MODULES = YES;
				CLANG_ENABLE_OBJC_ARC = YES;
				CLANG_WARN_BOOL_CONVERSION = YES;
				CLANG_WARN_CONSTANT_CONVERSION = YES;
				CLANG_WARN_DIRECT_OBJC_ISA_USAGE = YES_ERROR;
				CLANG_WARN_DOCUMENTATION_COMMENTS = YES;
				CLANG_WARN_EMPTY_BODY = YES;
				CLANG_WARN_ENUM_CONVERSION = YES;
				CLANG_WARN_INFINITE_RECURSION = YES;
				CLANG_WARN_INT_CONVERSION = YES;
				CLANG_WARN_OBJC_ROOT_CLASS = YES_ERROR;
				CLANG_WARN_SUSPICIOUS_MOVE = YES;
				CLANG_WARN_UNREACHABLE_CODE = YES;
				CLANG_WARN__DUPLICATE_METHOD_MATCH = YES;
				"CODE_SIGN_IDENTITY[sdk=iphoneos*]" = "iPhone Developer";
				COPY_PHASE_STRIP = NO;
				DEBUG_INFORMATION_FORMAT = dwarf;
				ENABLE_STRICT_OBJC_MSGSEND = YES;
				ENABLE_TESTABILITY = YES;
				GCC_C_LANGUAGE_STANDARD = gnu99;
				GCC_DYNAMIC_NO_PIC = NO;
				GCC_NO_COMMON_BLOCKS = YES;
				GCC_OPTIMIZATION_LEVEL = 0;
				GCC_PREPROCESSOR_DEFINITIONS = (
					"DEBUG=1",
					"$(inherited)",
				);
				GCC_WARN_64_TO_32_BIT_CONVERSION = YES;
				GCC_WARN_ABOUT_RETURN_TYPE = YES_ERROR;
				GCC_WARN_UNDECLARED_SELECTOR = YES;
				GCC_WARN_UNINITIALIZED_AUTOS = YES_AGGRESSIVE;
				GCC_WARN_UNUSED_FUNCTION = YES;
				GCC_WARN_UNUSED_VARIABLE = YES;
				IPHONEOS_DEPLOYMENT_TARGET = 10.2;
				MTL_ENABLE_DEBUG_INFO = YES;
				ONLY_ACTIVE_ARCH = YES;
				SDKROOT = iphoneos;
				SWIFT_ACTIVE_COMPILATION_CONDITIONS = DEBUG;
				SWIFT_OPTIMIZATION_LEVEL = "-Onone";
			};
			name = Debug;
		};
		B204618F1E7B0CF800C88AED /* Release */ = {
			isa = XCBuildConfiguration;
			buildSettings = {
				ALWAYS_SEARCH_USER_PATHS = NO;
				CLANG_ANALYZER_NONNULL = YES;
				CLANG_CXX_LANGUAGE_STANDARD = "gnu++0x";
				CLANG_CXX_LIBRARY = "libc++";
				CLANG_ENABLE_MODULES = YES;
				CLANG_ENABLE_OBJC_ARC = YES;
				CLANG_WARN_BOOL_CONVERSION = YES;
				CLANG_WARN_CONSTANT_CONVERSION = YES;
				CLANG_WARN_DIRECT_OBJC_ISA_USAGE = YES_ERROR;
				CLANG_WARN_DOCUMENTATION_COMMENTS = YES;
				CLANG_WARN_EMPTY_BODY = YES;
				CLANG_WARN_ENUM_CONVERSION = YES;
				CLANG_WARN_INFINITE_RECURSION = YES;
				CLANG_WARN_INT_CONVERSION = YES;
				CLANG_WARN_OBJC_ROOT_CLASS = YES_ERROR;
				CLANG_WARN_SUSPICIOUS_MOVE = YES;
				CLANG_WARN_UNREACHABLE_CODE = YES;
				CLANG_WARN__DUPLICATE_METHOD_MATCH = YES;
				"CODE_SIGN_IDENTITY[sdk=iphoneos*]" = "iPhone Developer";
				COPY_PHASE_STRIP = NO;
				DEBUG_INFORMATION_FORMAT = "dwarf-with-dsym";
				ENABLE_NS_ASSERTIONS = NO;
				ENABLE_STRICT_OBJC_MSGSEND = YES;
				GCC_C_LANGUAGE_STANDARD = gnu99;
				GCC_NO_COMMON_BLOCKS = YES;
				GCC_WARN_64_TO_32_BIT_CONVERSION = YES;
				GCC_WARN_ABOUT_RETURN_TYPE = YES_ERROR;
				GCC_WARN_UNDECLARED_SELECTOR = YES;
				GCC_WARN_UNINITIALIZED_AUTOS = YES_AGGRESSIVE;
				GCC_WARN_UNUSED_FUNCTION = YES;
				GCC_WARN_UNUSED_VARIABLE = YES;
				IPHONEOS_DEPLOYMENT_TARGET = 10.2;
				MTL_ENABLE_DEBUG_INFO = NO;
				SDKROOT = iphoneos;
				SWIFT_OPTIMIZATION_LEVEL = "-Owholemodule";
				VALIDATE_PRODUCT = YES;
			};
			name = Release;
		};
		B20461911E7B0CF800C88AED /* Debug */ = {
			isa = XCBuildConfiguration;
			buildSettings = {
				ASSETCATALOG_COMPILER_APPICON_NAME = AppIcon;
				INFOPLIST_FILE = HitList/Info.plist;
				LD_RUNPATH_SEARCH_PATHS = "$(inherited) @executable_path/Frameworks";
				PRODUCT_BUNDLE_IDENTIFIER = xcoder.solutions.HitList;
				PRODUCT_NAME = "$(TARGET_NAME)";
				SWIFT_VERSION = 3.0;
			};
			name = Debug;
		};
		B20461921E7B0CF800C88AED /* Release */ = {
			isa = XCBuildConfiguration;
			buildSettings = {
				ASSETCATALOG_COMPILER_APPICON_NAME = AppIcon;
				INFOPLIST_FILE = HitList/Info.plist;
				LD_RUNPATH_SEARCH_PATHS = "$(inherited) @executable_path/Frameworks";
				PRODUCT_BUNDLE_IDENTIFIER = xcoder.solutions.HitList;
				PRODUCT_NAME = "$(TARGET_NAME)";
				SWIFT_VERSION = 3.0;
			};
			name = Release;
		};
/* End XCBuildConfiguration section */

/* Begin XCConfigurationList section */
		B20461761E7B0CF800C88AED /* Build configuration list for PBXProject "HitList" */ = {
			isa = XCConfigurationList;
			buildConfigurations = (
				B204618E1E7B0CF800C88AED /* Debug */,
				B204618F1E7B0CF800C88AED /* Release */,
			);
			defaultConfigurationIsVisible = 0;
			defaultConfigurationName = Release;
		};
		B20461901E7B0CF800C88AED /* Build configuration list for PBXNativeTarget "HitList" */ = {
			isa = XCConfigurationList;
			buildConfigurations = (
				B20461911E7B0CF800C88AED /* Debug */,
				B20461921E7B0CF800C88AED /* Release */,
			);
			defaultConfigurationIsVisible = 0;
		};
/* End XCConfigurationList section */

/* Begin XCVersionGroup section */
		B20461851E7B0CF800C88AED /* HitList.xcdatamodeld */ = {
			isa = XCVersionGroup;
			children = (
				B20461861E7B0CF800C88AED /* HitList.xcdatamodel */,
			);
			currentVersion = B20461861E7B0CF800C88AED /* HitList.xcdatamodel */;
			path = HitList.xcdatamodeld;
			sourceTree = "<group>";
			versionGroupType = wrapper.xcdatamodel;
		};
/* End XCVersionGroup section */
	};
	rootObject = B20461731E7B0CF800C88AED /* Project object */;
}
