// !$*UTF8*$!
{
	archiveVersion = 1;
	classes = {
	};
	objectVersion = 46;
	objects = {

/* Begin PBXBuildFile section */
		B2997F821E02FED200577183 /* AppDelegate.swift in Sources */ = {isa = PBXBuildFile; fileRef = B2997F811E02FED200577183 /* AppDelegate.swift */; };
		B2997F841E02FED200577183 /* ViewController.swift in Sources */ = {isa = PBXBuildFile; fileRef = B2997F831E02FED200577183 /* ViewController.swift */; };
		B2997F871E02FED200577183 /* Main.storyboard in Resources */ = {isa = PBXBuildFile; fileRef = B2997F851E02FED200577183 /* Main.storyboard */; };
		B2997F891E02FED200577183 /* Assets.xcassets in Resources */ = {isa = PBXBuildFile; fileRef = B2997F881E02FED200577183 /* Assets.xcassets */; };
		B2997F8C1E02FED200577183 /* LaunchScreen.storyboard in Resources */ = {isa = PBXBuildFile; fileRef = B2997F8A1E02FED200577183 /* LaunchScreen.storyboard */; };
/* End PBXBuildFile section */

/* Begin PBXFileReference section */
		B2997F7E1E02FED200577183 /* iDummyCalculator.app */ = {isa = PBXFileReference; explicitFileType = wrapper.application; includeInIndex = 0; path = iDummyCalculator.app; sourceTree = BUILT_PRODUCTS_DIR; };
		B2997F811E02FED200577183 /* AppDelegate.swift */ = {isa = PBXFileReference; lastKnownFileType = sourcecode.swift; path = AppDelegate.swift; sourceTree = "<group>"; };
		B2997F831E02FED200577183 /* ViewController.swift */ = {isa = PBXFileReference; lastKnownFileType = sourcecode.swift; path = ViewController.swift; sourceTree = "<group>"; };
		B2997F861E02FED200577183 /* Base */ = {isa = PBXFileReference; lastKnownFileType = file.storyboard; name = Base; path = Base.lproj/Main.storyboard; sourceTree = "<group>"; };
		B2997F881E02FED200577183 /* Assets.xcassets */ = {isa = PBXFileReference; lastKnownFileType = folder.assetcatalog; path = Assets.xcassets; sourceTree = "<group>"; };
		B2997F8B1E02FED200577183 /* Base */ = {isa = PBXFileReference; lastKnownFileType = file.storyboard; name = Base; path = Base.lproj/LaunchScreen.storyboard; sourceTree = "<group>"; };
		B2997F8D1E02FED300577183 /* Info.plist */ = {isa = PBXFileReference; lastKnownFileType = text.plist.xml; path = Info.plist; sourceTree = "<group>"; };
/* End PBXFileReference section */

/* Begin PBXFrameworksBuildPhase section */
		B2997F7B1E02FED200577183 /* Frameworks */ = {
			isa = PBXFrameworksBuildPhase;
			buildActionMask = 2147483647;
			files = (
			);
			runOnlyForDeploymentPostprocessing = 0;
		};
/* End PBXFrameworksBuildPhase section */

/* Begin PBXGroup section */
		B2997F751E02FED200577183 = {
			isa = PBXGroup;
			children = (
				B2997F801E02FED200577183 /* iDummyCalculator */,
				B2997F7F1E02FED200577183 /* Products */,
			);
			sourceTree = "<group>";
		};
		B2997F7F1E02FED200577183 /* Products */ = {
			isa = PBXGroup;
			children = (
				B2997F7E1E02FED200577183 /* iDummyCalculator.app */,
			);
			name = Products;
			sourceTree = "<group>";
		};
		B2997F801E02FED200577183 /* iDummyCalculator */ = {
			isa = PBXGroup;
			children = (
				B2997F811E02FED200577183 /* AppDelegate.swift */,
				B2997F831E02FED200577183 /* ViewController.swift */,
				B2997F851E02FED200577183 /* Main.storyboard */,
				B2997F881E02FED200577183 /* Assets.xcassets */,
				B2997F8A1E02FED200577183 /* LaunchScreen.storyboard */,
				B2997F8D1E02FED300577183 /* Info.plist */,
			);
			path = iDummyCalculator;
			sourceTree = "<group>";
		};
/* End PBXGroup section */

/* Begin PBXNativeTarget section */
		B2997F7D1E02FED200577183 /* iDummyCalculator */ = {
			isa = PBXNativeTarget;
			buildConfigurationList = B2997F901E02FED300577183 /* Build configuration list for PBXNativeTarget "iDummyCalculator" */;
			buildPhases = (
				B2997F7A1E02FED200577183 /* Sources */,
				B2997F7B1E02FED200577183 /* Frameworks */,
				B2997F7C1E02FED200577183 /* Resources */,
			);
			buildRules = (
			);
			dependencies = (
			);
			name = iDummyCalculator;
			productName = iDummyCalculator;
			productReference = B2997F7E1E02FED200577183 /* iDummyCalculator.app */;
			productType = "com.apple.product-type.application";
		};
/* End PBXNativeTarget section */

/* Begin PBXProject section */
		B2997F761E02FED200577183 /* Project object */ = {
			isa = PBXProject;
			attributes = {
				LastSwiftUpdateCheck = 0810;
				LastUpgradeCheck = 0810;
				ORGANIZATIONNAME = xcoder.solutions;
				TargetAttributes = {
					B2997F7D1E02FED200577183 = {
						CreatedOnToolsVersion = 8.1;
						ProvisioningStyle = Automatic;
					};
				};
			};
			buildConfigurationList = B2997F791E02FED200577183 /* Build configuration list for PBXProject "iDummyCalculator" */;
			compatibilityVersion = "Xcode 3.2";
			developmentRegion = English;
			hasScannedForEncodings = 0;
			knownRegions = (
				en,
				Base,
			);
			mainGroup = B2997F751E02FED200577183;
			productRefGroup = B2997F7F1E02FED200577183 /* Products */;
			projectDirPath = "";
			projectRoot = "";
			targets = (
				B2997F7D1E02FED200577183 /* iDummyCalculator */,
			);
		};
/* End PBXProject section */

/* Begin PBXResourcesBuildPhase section */
		B2997F7C1E02FED200577183 /* Resources */ = {
			isa = PBXResourcesBuildPhase;
			buildActionMask = 2147483647;
			files = (
				B2997F8C1E02FED200577183 /* LaunchScreen.storyboard in Resources */,
				B2997F891E02FED200577183 /* Assets.xcassets in Resources */,
				B2997F871E02FED200577183 /* Main.storyboard in Resources */,
			);
			runOnlyForDeploymentPostprocessing = 0;
		};
/* End PBXResourcesBuildPhase section */

/* Begin PBXSourcesBuildPhase section */
		B2997F7A1E02FED200577183 /* Sources */ = {
			isa = PBXSourcesBuildPhase;
			buildActionMask = 2147483647;
			files = (
				B2997F841E02FED200577183 /* ViewController.swift in Sources */,
				B2997F821E02FED200577183 /* AppDelegate.swift in Sources */,
			);
			runOnlyForDeploymentPostprocessing = 0;
		};
/* End PBXSourcesBuildPhase section */

/* Begin PBXVariantGroup section */
		B2997F851E02FED200577183 /* Main.storyboard */ = {
			isa = PBXVariantGroup;
			children = (
				B2997F861E02FED200577183 /* Base */,
			);
			name = Main.storyboard;
			sourceTree = "<group>";
		};
		B2997F8A1E02FED200577183 /* LaunchScreen.storyboard */ = {
			isa = PBXVariantGroup;
			children = (
				B2997F8B1E02FED200577183 /* Base */,
			);
			name = LaunchScreen.storyboard;
			sourceTree = "<group>";
		};
/* End PBXVariantGroup section */

/* Begin XCBuildConfiguration section */
		B2997F8E1E02FED300577183 /* Debug */ = {
			isa = XCBuildConfiguration;
			buildSettings = {
				ALWAYS_SEARCH_USER_PATHS = NO;
				CLANG_ANALYZER_NONNULL = YES;
				CLANG_CXX_LANGUAGE_STANDARD = "gnu++0x";
				CLANG_CXX_LIBRARY = "libc++";
				CLANG_ENABLE_MODULES = YES;
				CLANG_ENABLE_OBJC_ARC = YES;
				CLANG_WARN_BOOL_CONVERSION = YES;
				CLANG_WARN_CONSTANT_CONVERSION = YES;
				CLANG_WARN_DIRECT_OBJC_ISA_USAGE = YES_ERROR;
				CLANG_WARN_DOCUMENTATION_COMMENTS = YES;
				CLANG_WARN_EMPTY_BODY = YES;
				CLANG_WARN_ENUM_CONVERSION = YES;
				CLANG_WARN_INFINITE_RECURSION = YES;
				CLANG_WARN_INT_CONVERSION = YES;
				CLANG_WARN_OBJC_ROOT_CLASS = YES_ERROR;
				CLANG_WARN_SUSPICIOUS_MOVES = YES;
				CLANG_WARN_UNREACHABLE_CODE = YES;
				CLANG_WARN__DUPLICATE_METHOD_MATCH = YES;
				"CODE_SIGN_IDENTITY[sdk=iphoneos*]" = "iPhone Developer";
				COPY_PHASE_STRIP = NO;
				DEBUG_INFORMATION_FORMAT = dwarf;
				ENABLE_STRICT_OBJC_MSGSEND = YES;
				ENABLE_TESTABILITY = YES;
				GCC_C_LANGUAGE_STANDARD = gnu99;
				GCC_DYNAMIC_NO_PIC = NO;
				GCC_NO_COMMON_BLOCKS = YES;
				GCC_OPTIMIZATION_LEVEL = 0;
				GCC_PREPROCESSOR_DEFINITIONS = (
					"DEBUG=1",
					"$(inherited)",
				);
				GCC_WARN_64_TO_32_BIT_CONVERSION = YES;
				GCC_WARN_ABOUT_RETURN_TYPE = YES_ERROR;
				GCC_WARN_UNDECLARED_SELECTOR = YES;
				GCC_WARN_UNINITIALIZED_AUTOS = YES_AGGRESSIVE;
				GCC_WARN_UNUSED_FUNCTION = YES;
				GCC_WARN_UNUSED_VARIABLE = YES;
				IPHONEOS_DEPLOYMENT_TARGET = 10.1;
				MTL_ENABLE_DEBUG_INFO = YES;
				ONLY_ACTIVE_ARCH = YES;
				SDKROOT = iphoneos;
				SWIFT_ACTIVE_COMPILATION_CONDITIONS = DEBUG;
				SWIFT_OPTIMIZATION_LEVEL = "-Onone";
			};
			name = Debug;
		};
		B2997F8F1E02FED300577183 /* Release */ = {
			isa = XCBuildConfiguration;
			buildSettings = {
				ALWAYS_SEARCH_USER_PATHS = NO;
				CLANG_ANALYZER_NONNULL = YES;
				CLANG_CXX_LANGUAGE_STANDARD = "gnu++0x";
				CLANG_CXX_LIBRARY = "libc++";
				CLANG_ENABLE_MODULES = YES;
				CLANG_ENABLE_OBJC_ARC = YES;
				CLANG_WARN_BOOL_CONVERSION = YES;
				CLANG_WARN_CONSTANT_CONVERSION = YES;
				CLANG_WARN_DIRECT_OBJC_ISA_USAGE = YES_ERROR;
				CLANG_WARN_DOCUMENTATION_COMMENTS = YES;
				CLANG_WARN_EMPTY_BODY = YES;
				CLANG_WARN_ENUM_CONVERSION = YES;
				CLANG_WARN_INFINITE_RECURSION = YES;
				CLANG_WARN_INT_CONVERSION = YES;
				CLANG_WARN_OBJC_ROOT_CLASS = YES_ERROR;
				CLANG_WARN_SUSPICIOUS_MOVES = YES;
				CLANG_WARN_UNREACHABLE_CODE = YES;
				CLANG_WARN__DUPLICATE_METHOD_MATCH = YES;
				"CODE_SIGN_IDENTITY[sdk=iphoneos*]" = "iPhone Developer";
				COPY_PHASE_STRIP = NO;
				DEBUG_INFORMATION_FORMAT = "dwarf-with-dsym";
				ENABLE_NS_ASSERTIONS = NO;
				ENABLE_STRICT_OBJC_MSGSEND = YES;
				GCC_C_LANGUAGE_STANDARD = gnu99;
				GCC_NO_COMMON_BLOCKS = YES;
				GCC_WARN_64_TO_32_BIT_CONVERSION = YES;
				GCC_WARN_ABOUT_RETURN_TYPE = YES_ERROR;
				GCC_WARN_UNDECLARED_SELECTOR = YES;
				GCC_WARN_UNINITIALIZED_AUTOS = YES_AGGRESSIVE;
				GCC_WARN_UNUSED_FUNCTION = YES;
				GCC_WARN_UNUSED_VARIABLE = YES;
				IPHONEOS_DEPLOYMENT_TARGET = 10.1;
				MTL_ENABLE_DEBUG_INFO = NO;
				SDKROOT = iphoneos;
				SWIFT_OPTIMIZATION_LEVEL = "-Owholemodule";
				VALIDATE_PRODUCT = YES;
			};
			name = Release;
		};
		B2997F911E02FED300577183 /* Debug */ = {
			isa = XCBuildConfiguration;
			buildSettings = {
				ASSETCATALOG_COMPILER_APPICON_NAME = AppIcon;
				INFOPLIST_FILE = iDummyCalculator/Info.plist;
				LD_RUNPATH_SEARCH_PATHS = "$(inherited) @executable_path/Frameworks";
				PRODUCT_BUNDLE_IDENTIFIER = xcoder.solutions.iDummyCalculator;
				PRODUCT_NAME = "$(TARGET_NAME)";
				SWIFT_VERSION = 3.0;
			};
			name = Debug;
		};
		B2997F921E02FED300577183 /* Release */ = {
			isa = XCBuildConfiguration;
			buildSettings = {
				ASSETCATALOG_COMPILER_APPICON_NAME = AppIcon;
				INFOPLIST_FILE = iDummyCalculator/Info.plist;
				LD_RUNPATH_SEARCH_PATHS = "$(inherited) @executable_path/Frameworks";
				PRODUCT_BUNDLE_IDENTIFIER = xcoder.solutions.iDummyCalculator;
				PRODUCT_NAME = "$(TARGET_NAME)";
				SWIFT_VERSION = 3.0;
			};
			name = Release;
		};
/* End XCBuildConfiguration section */

/* Begin XCConfigurationList section */
		B2997F791E02FED200577183 /* Build configuration list for PBXProject "iDummyCalculator" */ = {
			isa = XCConfigurationList;
			buildConfigurations = (
				B2997F8E1E02FED300577183 /* Debug */,
				B2997F8F1E02FED300577183 /* Release */,
			);
			defaultConfigurationIsVisible = 0;
			defaultConfigurationName = Release;
		};
		B2997F901E02FED300577183 /* Build configuration list for PBXNativeTarget "iDummyCalculator" */ = {
			isa = XCConfigurationList;
			buildConfigurations = (
				B2997F911E02FED300577183 /* Debug */,
				B2997F921E02FED300577183 /* Release */,
			);
			defaultConfigurationIsVisible = 0;
		};
/* End XCConfigurationList section */
	};
	rootObject = B2997F761E02FED200577183 /* Project object */;
}
