// !$*UTF8*$!
{
	archiveVersion = 1;
	classes = {
	};
	objectVersion = 46;
	objects = {

/* Begin PBXBuildFile section */
		4A86F7C6A7F7002C2378E8B6 /* Pods_DrawSomethingProject.framework in Frameworks */ = {isa = PBXBuildFile; fileRef = A9D0EC4E7F663182C304D271 /* Pods_DrawSomethingProject.framework */; };
		B2161C4F1E3A678D00A5DB67 /* AppDelegate.swift in Sources */ = {isa = PBXBuildFile; fileRef = B2161C4E1E3A678D00A5DB67 /* AppDelegate.swift */; };
		B2161C511E3A678D00A5DB67 /* ViewController.swift in Sources */ = {isa = PBXBuildFile; fileRef = B2161C501E3A678D00A5DB67 /* ViewController.swift */; };
		B2161C541E3A678D00A5DB67 /* Main.storyboard in Resources */ = {isa = PBXBuildFile; fileRef = B2161C521E3A678D00A5DB67 /* Main.storyboard */; };
		B2161C561E3A678D00A5DB67 /* Assets.xcassets in Resources */ = {isa = PBXBuildFile; fileRef = B2161C551E3A678D00A5DB67 /* Assets.xcassets */; };
		B2161C591E3A678D00A5DB67 /* LaunchScreen.storyboard in Resources */ = {isa = PBXBuildFile; fileRef = B2161C571E3A678D00A5DB67 /* LaunchScreen.storyboard */; };
		B2161C611E3A679A00A5DB67 /* DrawSomethingView.swift in Sources */ = {isa = PBXBuildFile; fileRef = B2161C601E3A679A00A5DB67 /* DrawSomethingView.swift */; };
		B2161C641E3A7D5400A5DB67 /* ColorBezierPath.swift in Sources */ = {isa = PBXBuildFile; fileRef = B2161C631E3A7D5400A5DB67 /* ColorBezierPath.swift */; };
		B2E1E4BF1E3F9AC3003868D2 /* ViewUtils.swift in Sources */ = {isa = PBXBuildFile; fileRef = B2E1E4BE1E3F9AC3003868D2 /* ViewUtils.swift */; };
		B2E1E5061E43A67B003868D2 /* ColorViewController.swift in Sources */ = {isa = PBXBuildFile; fileRef = B2E1E5051E43A67B003868D2 /* ColorViewController.swift */; };
/* End PBXBuildFile section */

/* Begin PBXFileReference section */
		048EE92692BB310F3B2350CC /* Pods-DrawSomethingProject.debug.xcconfig */ = {isa = PBXFileReference; includeInIndex = 1; lastKnownFileType = text.xcconfig; name = "Pods-DrawSomethingProject.debug.xcconfig"; path = "Pods/Target Support Files/Pods-DrawSomethingProject/Pods-DrawSomethingProject.debug.xcconfig"; sourceTree = "<group>"; };
		2D79B95F010197BBBC74C171 /* Pods-DrawSomethingProject.release.xcconfig */ = {isa = PBXFileReference; includeInIndex = 1; lastKnownFileType = text.xcconfig; name = "Pods-DrawSomethingProject.release.xcconfig"; path = "Pods/Target Support Files/Pods-DrawSomethingProject/Pods-DrawSomethingProject.release.xcconfig"; sourceTree = "<group>"; };
		A9D0EC4E7F663182C304D271 /* Pods_DrawSomethingProject.framework */ = {isa = PBXFileReference; explicitFileType = wrapper.framework; includeInIndex = 0; path = Pods_DrawSomethingProject.framework; sourceTree = BUILT_PRODUCTS_DIR; };
		B2161C4B1E3A678D00A5DB67 /* DrawSomethingProject.app */ = {isa = PBXFileReference; explicitFileType = wrapper.application; includeInIndex = 0; path = DrawSomethingProject.app; sourceTree = BUILT_PRODUCTS_DIR; };
		B2161C4E1E3A678D00A5DB67 /* AppDelegate.swift */ = {isa = PBXFileReference; lastKnownFileType = sourcecode.swift; path = AppDelegate.swift; sourceTree = "<group>"; };
		B2161C501E3A678D00A5DB67 /* ViewController.swift */ = {isa = PBXFileReference; lastKnownFileType = sourcecode.swift; path = ViewController.swift; sourceTree = "<group>"; };
		B2161C531E3A678D00A5DB67 /* Base */ = {isa = PBXFileReference; lastKnownFileType = file.storyboard; name = Base; path = Base.lproj/Main.storyboard; sourceTree = "<group>"; };
		B2161C551E3A678D00A5DB67 /* Assets.xcassets */ = {isa = PBXFileReference; lastKnownFileType = folder.assetcatalog; path = Assets.xcassets; sourceTree = "<group>"; };
		B2161C581E3A678D00A5DB67 /* Base */ = {isa = PBXFileReference; lastKnownFileType = file.storyboard; name = Base; path = Base.lproj/LaunchScreen.storyboard; sourceTree = "<group>"; };
		B2161C5A1E3A678D00A5DB67 /* Info.plist */ = {isa = PBXFileReference; lastKnownFileType = text.plist.xml; path = Info.plist; sourceTree = "<group>"; };
		B2161C601E3A679A00A5DB67 /* DrawSomethingView.swift */ = {isa = PBXFileReference; fileEncoding = 4; lastKnownFileType = sourcecode.swift; path = DrawSomethingView.swift; sourceTree = "<group>"; };
		B2161C631E3A7D5400A5DB67 /* ColorBezierPath.swift */ = {isa = PBXFileReference; fileEncoding = 4; lastKnownFileType = sourcecode.swift; path = ColorBezierPath.swift; sourceTree = "<group>"; };
		B2E1E4BE1E3F9AC3003868D2 /* ViewUtils.swift */ = {isa = PBXFileReference; fileEncoding = 4; lastKnownFileType = sourcecode.swift; path = ViewUtils.swift; sourceTree = "<group>"; };
		B2E1E5051E43A67B003868D2 /* ColorViewController.swift */ = {isa = PBXFileReference; fileEncoding = 4; lastKnownFileType = sourcecode.swift; path = ColorViewController.swift; sourceTree = "<group>"; };
/* End PBXFileReference section */

/* Begin PBXFrameworksBuildPhase section */
		B2161C481E3A678D00A5DB67 /* Frameworks */ = {
			isa = PBXFrameworksBuildPhase;
			buildActionMask = 2147483647;
			files = (
				4A86F7C6A7F7002C2378E8B6 /* Pods_DrawSomethingProject.framework in Frameworks */,
			);
			runOnlyForDeploymentPostprocessing = 0;
		};
/* End PBXFrameworksBuildPhase section */

/* Begin PBXGroup section */
		1B1FB104102D04DB1300FE35 /* Pods */ = {
			isa = PBXGroup;
			children = (
				048EE92692BB310F3B2350CC /* Pods-DrawSomethingProject.debug.xcconfig */,
				2D79B95F010197BBBC74C171 /* Pods-DrawSomethingProject.release.xcconfig */,
			);
			name = Pods;
			sourceTree = "<group>";
		};
		77914F3D8D2EC4B4DC1E59C4 /* Frameworks */ = {
			isa = PBXGroup;
			children = (
				A9D0EC4E7F663182C304D271 /* Pods_DrawSomethingProject.framework */,
			);
			name = Frameworks;
			sourceTree = "<group>";
		};
		B2161C421E3A678C00A5DB67 = {
			isa = PBXGroup;
			children = (
				B2161C4D1E3A678D00A5DB67 /* DrawSomethingProject */,
				B2161C4C1E3A678D00A5DB67 /* Products */,
				1B1FB104102D04DB1300FE35 /* Pods */,
				77914F3D8D2EC4B4DC1E59C4 /* Frameworks */,
			);
			sourceTree = "<group>";
		};
		B2161C4C1E3A678D00A5DB67 /* Products */ = {
			isa = PBXGroup;
			children = (
				B2161C4B1E3A678D00A5DB67 /* DrawSomethingProject.app */,
			);
			name = Products;
			sourceTree = "<group>";
		};
		B2161C4D1E3A678D00A5DB67 /* DrawSomethingProject */ = {
			isa = PBXGroup;
			children = (
				B2161C621E3A67A000A5DB67 /* view */,
				B2161C4E1E3A678D00A5DB67 /* AppDelegate.swift */,
				B2161C501E3A678D00A5DB67 /* ViewController.swift */,
				B2E1E5051E43A67B003868D2 /* ColorViewController.swift */,
				B2161C521E3A678D00A5DB67 /* Main.storyboard */,
				B2161C551E3A678D00A5DB67 /* Assets.xcassets */,
				B2161C571E3A678D00A5DB67 /* LaunchScreen.storyboard */,
				B2161C5A1E3A678D00A5DB67 /* Info.plist */,
			);
			path = DrawSomethingProject;
			sourceTree = "<group>";
		};
		B2161C621E3A67A000A5DB67 /* view */ = {
			isa = PBXGroup;
			children = (
				B2161C601E3A679A00A5DB67 /* DrawSomethingView.swift */,
				B2161C631E3A7D5400A5DB67 /* ColorBezierPath.swift */,
				B2E1E4BE1E3F9AC3003868D2 /* ViewUtils.swift */,
			);
			name = view;
			sourceTree = "<group>";
		};
/* End PBXGroup section */

/* Begin PBXNativeTarget section */
		B2161C4A1E3A678D00A5DB67 /* DrawSomethingProject */ = {
			isa = PBXNativeTarget;
			buildConfigurationList = B2161C5D1E3A678D00A5DB67 /* Build configuration list for PBXNativeTarget "DrawSomethingProject" */;
			buildPhases = (
				69E698AD46FF43F3B109BF0D /* [CP] Check Pods Manifest.lock */,
				B2161C471E3A678D00A5DB67 /* Sources */,
				B2161C481E3A678D00A5DB67 /* Frameworks */,
				B2161C491E3A678D00A5DB67 /* Resources */,
				BFC3E27CD5CB2F4DE462876E /* [CP] Embed Pods Frameworks */,
				CBEC3A15B781D64676718B50 /* [CP] Copy Pods Resources */,
			);
			buildRules = (
			);
			dependencies = (
			);
			name = DrawSomethingProject;
			productName = DrawSomethingProject;
			productReference = B2161C4B1E3A678D00A5DB67 /* DrawSomethingProject.app */;
			productType = "com.apple.product-type.application";
		};
/* End PBXNativeTarget section */

/* Begin PBXProject section */
		B2161C431E3A678C00A5DB67 /* Project object */ = {
			isa = PBXProject;
			attributes = {
				LastSwiftUpdateCheck = 0820;
				LastUpgradeCheck = 0820;
				ORGANIZATIONNAME = xcoder.solutions;
				TargetAttributes = {
					B2161C4A1E3A678D00A5DB67 = {
						CreatedOnToolsVersion = 8.2.1;
						DevelopmentTeam = J7YZTH9Z4F;
						ProvisioningStyle = Automatic;
					};
				};
			};
			buildConfigurationList = B2161C461E3A678C00A5DB67 /* Build configuration list for PBXProject "DrawSomethingProject" */;
			compatibilityVersion = "Xcode 3.2";
			developmentRegion = English;
			hasScannedForEncodings = 0;
			knownRegions = (
				en,
				Base,
			);
			mainGroup = B2161C421E3A678C00A5DB67;
			productRefGroup = B2161C4C1E3A678D00A5DB67 /* Products */;
			projectDirPath = "";
			projectRoot = "";
			targets = (
				B2161C4A1E3A678D00A5DB67 /* DrawSomethingProject */,
			);
		};
/* End PBXProject section */

/* Begin PBXResourcesBuildPhase section */
		B2161C491E3A678D00A5DB67 /* Resources */ = {
			isa = PBXResourcesBuildPhase;
			buildActionMask = 2147483647;
			files = (
				B2161C591E3A678D00A5DB67 /* LaunchScreen.storyboard in Resources */,
				B2161C561E3A678D00A5DB67 /* Assets.xcassets in Resources */,
				B2161C541E3A678D00A5DB67 /* Main.storyboard in Resources */,
			);
			runOnlyForDeploymentPostprocessing = 0;
		};
/* End PBXResourcesBuildPhase section */

/* Begin PBXShellScriptBuildPhase section */
		69E698AD46FF43F3B109BF0D /* [CP] Check Pods Manifest.lock */ = {
			isa = PBXShellScriptBuildPhase;
			buildActionMask = 2147483647;
			files = (
			);
			inputPaths = (
			);
			name = "[CP] Check Pods Manifest.lock";
			outputPaths = (
			);
			runOnlyForDeploymentPostprocessing = 0;
			shellPath = /bin/sh;
			shellScript = "diff \"${PODS_ROOT}/../Podfile.lock\" \"${PODS_ROOT}/Manifest.lock\" > /dev/null\nif [ $? != 0 ] ; then\n    # print error to STDERR\n    echo \"error: The sandbox is not in sync with the Podfile.lock. Run 'pod install' or update your CocoaPods installation.\" >&2\n    exit 1\nfi\n";
			showEnvVarsInLog = 0;
		};
		BFC3E27CD5CB2F4DE462876E /* [CP] Embed Pods Frameworks */ = {
			isa = PBXShellScriptBuildPhase;
			buildActionMask = 2147483647;
			files = (
			);
			inputPaths = (
			);
			name = "[CP] Embed Pods Frameworks";
			outputPaths = (
			);
			runOnlyForDeploymentPostprocessing = 0;
			shellPath = /bin/sh;
			shellScript = "\"${SRCROOT}/Pods/Target Support Files/Pods-DrawSomethingProject/Pods-DrawSomethingProject-frameworks.sh\"\n";
			showEnvVarsInLog = 0;
		};
		CBEC3A15B781D64676718B50 /* [CP] Copy Pods Resources */ = {
			isa = PBXShellScriptBuildPhase;
			buildActionMask = 2147483647;
			files = (
			);
			inputPaths = (
			);
			name = "[CP] Copy Pods Resources";
			outputPaths = (
			);
			runOnlyForDeploymentPostprocessing = 0;
			shellPath = /bin/sh;
			shellScript = "\"${SRCROOT}/Pods/Target Support Files/Pods-DrawSomethingProject/Pods-DrawSomethingProject-resources.sh\"\n";
			showEnvVarsInLog = 0;
		};
/* End PBXShellScriptBuildPhase section */

/* Begin PBXSourcesBuildPhase section */
		B2161C471E3A678D00A5DB67 /* Sources */ = {
			isa = PBXSourcesBuildPhase;
			buildActionMask = 2147483647;
			files = (
				B2161C611E3A679A00A5DB67 /* DrawSomethingView.swift in Sources */,
				B2E1E4BF1E3F9AC3003868D2 /* ViewUtils.swift in Sources */,
				B2161C641E3A7D5400A5DB67 /* ColorBezierPath.swift in Sources */,
				B2161C511E3A678D00A5DB67 /* ViewController.swift in Sources */,
				B2E1E5061E43A67B003868D2 /* ColorViewController.swift in Sources */,
				B2161C4F1E3A678D00A5DB67 /* AppDelegate.swift in Sources */,
			);
			runOnlyForDeploymentPostprocessing = 0;
		};
/* End PBXSourcesBuildPhase section */

/* Begin PBXVariantGroup section */
		B2161C521E3A678D00A5DB67 /* Main.storyboard */ = {
			isa = PBXVariantGroup;
			children = (
				B2161C531E3A678D00A5DB67 /* Base */,
			);
			name = Main.storyboard;
			sourceTree = "<group>";
		};
		B2161C571E3A678D00A5DB67 /* LaunchScreen.storyboard */ = {
			isa = PBXVariantGroup;
			children = (
				B2161C581E3A678D00A5DB67 /* Base */,
			);
			name = LaunchScreen.storyboard;
			sourceTree = "<group>";
		};
/* End PBXVariantGroup section */

/* Begin XCBuildConfiguration section */
		B2161C5B1E3A678D00A5DB67 /* Debug */ = {
			isa = XCBuildConfiguration;
			buildSettings = {
				ALWAYS_SEARCH_USER_PATHS = NO;
				CLANG_ANALYZER_NONNULL = YES;
				CLANG_CXX_LANGUAGE_STANDARD = "gnu++0x";
				CLANG_CXX_LIBRARY = "libc++";
				CLANG_ENABLE_MODULES = YES;
				CLANG_ENABLE_OBJC_ARC = YES;
				CLANG_WARN_BOOL_CONVERSION = YES;
				CLANG_WARN_CONSTANT_CONVERSION = YES;
				CLANG_WARN_DIRECT_OBJC_ISA_USAGE = YES_ERROR;
				CLANG_WARN_DOCUMENTATION_COMMENTS = YES;
				CLANG_WARN_EMPTY_BODY = YES;
				CLANG_WARN_ENUM_CONVERSION = YES;
				CLANG_WARN_INFINITE_RECURSION = YES;
				CLANG_WARN_INT_CONVERSION = YES;
				CLANG_WARN_OBJC_ROOT_CLASS = YES_ERROR;
				CLANG_WARN_SUSPICIOUS_MOVE = YES;
				CLANG_WARN_UNREACHABLE_CODE = YES;
				CLANG_WARN__DUPLICATE_METHOD_MATCH = YES;
				"CODE_SIGN_IDENTITY[sdk=iphoneos*]" = "iPhone Developer";
				COPY_PHASE_STRIP = NO;
				DEBUG_INFORMATION_FORMAT = dwarf;
				ENABLE_STRICT_OBJC_MSGSEND = YES;
				ENABLE_TESTABILITY = YES;
				GCC_C_LANGUAGE_STANDARD = gnu99;
				GCC_DYNAMIC_NO_PIC = NO;
				GCC_NO_COMMON_BLOCKS = YES;
				GCC_OPTIMIZATION_LEVEL = 0;
				GCC_PREPROCESSOR_DEFINITIONS = (
					"DEBUG=1",
					"$(inherited)",
				);
				GCC_WARN_64_TO_32_BIT_CONVERSION = YES;
				GCC_WARN_ABOUT_RETURN_TYPE = YES_ERROR;
				GCC_WARN_UNDECLARED_SELECTOR = YES;
				GCC_WARN_UNINITIALIZED_AUTOS = YES_AGGRESSIVE;
				GCC_WARN_UNUSED_FUNCTION = YES;
				GCC_WARN_UNUSED_VARIABLE = YES;
				IPHONEOS_DEPLOYMENT_TARGET = 10.2;
				MTL_ENABLE_DEBUG_INFO = YES;
				ONLY_ACTIVE_ARCH = YES;
				SDKROOT = iphoneos;
				SWIFT_ACTIVE_COMPILATION_CONDITIONS = DEBUG;
				SWIFT_OPTIMIZATION_LEVEL = "-Onone";
			};
			name = Debug;
		};
		B2161C5C1E3A678D00A5DB67 /* Release */ = {
			isa = XCBuildConfiguration;
			buildSettings = {
				ALWAYS_SEARCH_USER_PATHS = NO;
				CLANG_ANALYZER_NONNULL = YES;
				CLANG_CXX_LANGUAGE_STANDARD = "gnu++0x";
				CLANG_CXX_LIBRARY = "libc++";
				CLANG_ENABLE_MODULES = YES;
				CLANG_ENABLE_OBJC_ARC = YES;
				CLANG_WARN_BOOL_CONVERSION = YES;
				CLANG_WARN_CONSTANT_CONVERSION = YES;
				CLANG_WARN_DIRECT_OBJC_ISA_USAGE = YES_ERROR;
				CLANG_WARN_DOCUMENTATION_COMMENTS = YES;
				CLANG_WARN_EMPTY_BODY = YES;
				CLANG_WARN_ENUM_CONVERSION = YES;
				CLANG_WARN_INFINITE_RECURSION = YES;
				CLANG_WARN_INT_CONVERSION = YES;
				CLANG_WARN_OBJC_ROOT_CLASS = YES_ERROR;
				CLANG_WARN_SUSPICIOUS_MOVE = YES;
				CLANG_WARN_UNREACHABLE_CODE = YES;
				CLANG_WARN__DUPLICATE_METHOD_MATCH = YES;
				"CODE_SIGN_IDENTITY[sdk=iphoneos*]" = "iPhone Developer";
				COPY_PHASE_STRIP = NO;
				DEBUG_INFORMATION_FORMAT = "dwarf-with-dsym";
				ENABLE_NS_ASSERTIONS = NO;
				ENABLE_STRICT_OBJC_MSGSEND = YES;
				GCC_C_LANGUAGE_STANDARD = gnu99;
				GCC_NO_COMMON_BLOCKS = YES;
				GCC_WARN_64_TO_32_BIT_CONVERSION = YES;
				GCC_WARN_ABOUT_RETURN_TYPE = YES_ERROR;
				GCC_WARN_UNDECLARED_SELECTOR = YES;
				GCC_WARN_UNINITIALIZED_AUTOS = YES_AGGRESSIVE;
				GCC_WARN_UNUSED_FUNCTION = YES;
				GCC_WARN_UNUSED_VARIABLE = YES;
				IPHONEOS_DEPLOYMENT_TARGET = 10.2;
				MTL_ENABLE_DEBUG_INFO = NO;
				SDKROOT = iphoneos;
				SWIFT_OPTIMIZATION_LEVEL = "-Owholemodule";
				VALIDATE_PRODUCT = YES;
			};
			name = Release;
		};
		B2161C5E1E3A678D00A5DB67 /* Debug */ = {
			isa = XCBuildConfiguration;
			baseConfigurationReference = 048EE92692BB310F3B2350CC /* Pods-DrawSomethingProject.debug.xcconfig */;
			buildSettings = {
				ASSETCATALOG_COMPILER_APPICON_NAME = AppIcon;
				DEVELOPMENT_TEAM = J7YZTH9Z4F;
				INFOPLIST_FILE = DrawSomethingProject/Info.plist;
				IPHONEOS_DEPLOYMENT_TARGET = 10.0;
				LD_RUNPATH_SEARCH_PATHS = "$(inherited) @executable_path/Frameworks";
				PRODUCT_BUNDLE_IDENTIFIER = xcoder.solutions.DrawSomethingProject;
				PRODUCT_NAME = "$(TARGET_NAME)";
				SWIFT_VERSION = 3.0;
			};
			name = Debug;
		};
		B2161C5F1E3A678D00A5DB67 /* Release */ = {
			isa = XCBuildConfiguration;
			baseConfigurationReference = 2D79B95F010197BBBC74C171 /* Pods-DrawSomethingProject.release.xcconfig */;
			buildSettings = {
				ASSETCATALOG_COMPILER_APPICON_NAME = AppIcon;
				DEVELOPMENT_TEAM = J7YZTH9Z4F;
				INFOPLIST_FILE = DrawSomethingProject/Info.plist;
				IPHONEOS_DEPLOYMENT_TARGET = 10.0;
				LD_RUNPATH_SEARCH_PATHS = "$(inherited) @executable_path/Frameworks";
				PRODUCT_BUNDLE_IDENTIFIER = xcoder.solutions.DrawSomethingProject;
				PRODUCT_NAME = "$(TARGET_NAME)";
				SWIFT_VERSION = 3.0;
			};
			name = Release;
		};
/* End XCBuildConfiguration section */

/* Begin XCConfigurationList section */
		B2161C461E3A678C00A5DB67 /* Build configuration list for PBXProject "DrawSomethingProject" */ = {
			isa = XCConfigurationList;
			buildConfigurations = (
				B2161C5B1E3A678D00A5DB67 /* Debug */,
				B2161C5C1E3A678D00A5DB67 /* Release */,
			);
			defaultConfigurationIsVisible = 0;
			defaultConfigurationName = Release;
		};
		B2161C5D1E3A678D00A5DB67 /* Build configuration list for PBXNativeTarget "DrawSomethingProject" */ = {
			isa = XCConfigurationList;
			buildConfigurations = (
				B2161C5E1E3A678D00A5DB67 /* Debug */,
				B2161C5F1E3A678D00A5DB67 /* Release */,
			);
			defaultConfigurationIsVisible = 0;
			defaultConfigurationName = Release;
		};
/* End XCConfigurationList section */
	};
	rootObject = B2161C431E3A678C00A5DB67 /* Project object */;
}
